
Microsoft Visual Studio Solution File, Format Version 12.00
# Visual Studio 2013
VisualStudioVersion = 12.0.31101.0
MinimumVisualStudioVersion = 10.0.40219.1
Project("{2150E333-8FDC-42A3-9474-1A3956D46DE8}") = "Data", "Data", "{A8B38BD2-4403-4F8D-84B1-D8A6C87B69E6}"
EndProject
Project("{FAE04EC0-301F-11D3-BF4B-00C04F79EFBC}") = "SMS.Models", "SMS.Models\SMS.Models.csproj", "{5DDCCF62-C092-47E5-A4C6-5B1A1A508887}"
EndProject
Project("{2150E333-8FDC-42A3-9474-1A3956D46DE8}") = "Web", "Web", "{EA107D2C-BA7E-442F-9F89-8EF5464200BA}"
EndProject
Project("{FAE04EC0-301F-11D3-BF4B-00C04F79EFBC}") = "SMS.Data", "SMS.Data\SMS.Data.csproj", "{C87F2446-4CF5-46DF-93B1-0D73271421B6}"
EndProject
Project("{FAE04EC0-301F-11D3-BF4B-00C04F79EFBC}") = "SMS.Web", "SMS.Web\SMS.Web.csproj", "{CA250CFB-A932-4103-97A7-C6B04C7437F6}"
EndProject
Global
	GlobalSection(SolutionConfigurationPlatforms) = preSolution
		Debug|Any CPU = Debug|Any CPU
		Release|Any CPU = Release|Any CPU
	EndGlobalSection
	GlobalSection(ProjectConfigurationPlatforms) = postSolution
		{5DDCCF62-C092-47E5-A4C6-5B1A1A508887}.Debug|Any CPU.ActiveCfg = Debug|Any CPU
		{5DDCCF62-C092-47E5-A4C6-5B1A1A508887}.Debug|Any CPU.Build.0 = Debug|Any CPU
		{5DDCCF62-C092-47E5-A4C6-5B1A1A508887}.Release|Any CPU.ActiveCfg = Release|Any CPU
		{5DDCCF62-C092-47E5-A4C6-5B1A1A508887}.Release|Any CPU.Build.0 = Release|Any CPU
		{C87F2446-4CF5-46DF-93B1-0D73271421B6}.Debug|Any CPU.ActiveCfg = Debug|Any CPU
		{C87F2446-4CF5-46DF-93B1-0D73271421B6}.Debug|Any CPU.Build.0 = Debug|Any CPU
		{C87F2446-4CF5-46DF-93B1-0D73271421B6}.Release|Any CPU.ActiveCfg = Release|Any CPU
		{C87F2446-4CF5-46DF-93B1-0D73271421B6}.Release|Any CPU.Build.0 = Release|Any CPU
		{CA250CFB-A932-4103-97A7-C6B04C7437F6}.Debug|Any CPU.ActiveCfg = Debug|Any CPU
		{CA250CFB-A932-4103-97A7-C6B04C7437F6}.Debug|Any CPU.Build.0 = Debug|Any CPU
		{CA250CFB-A932-4103-97A7-C6B04C7437F6}.Release|Any CPU.ActiveCfg = Release|Any CPU
		{CA250CFB-A932-4103-97A7-C6B04C7437F6}.Release|Any CPU.Build.0 = Release|Any CPU
	EndGlobalSection
	GlobalSection(SolutionProperties) = preSolution
		HideSolutionNode = FALSE
	EndGlobalSection
	GlobalSection(NestedProjects) = preSolution
		{5DDCCF62-C092-47E5-A4C6-5B1A1A508887} = {A8B38BD2-4403-4F8D-84B1-D8A6C87B69E6}
		{C87F2446-4CF5-46DF-93B1-0D73271421B6} = {A8B38BD2-4403-4F8D-84B1-D8A6C87B69E6}
		{CA250CFB-A932-4103-97A7-C6B04C7437F6} = {EA107D2C-BA7E-442F-9F89-8EF5464200BA}
	EndGlobalSection
EndGlobal
